// !$*UTF8*$!
{
	archiveVersion = 1;
	classes = {
	};
	objectVersion = 50;
	objects = {

/* Begin PBXBuildFile section */
		A271AE5C229D497B00254264 /* AppDelegate.swift in Sources */ = {isa = PBXBuildFile; fileRef = A271AE5B229D497B00254264 /* AppDelegate.swift */; };
		A271AE5E229D497B00254264 /* MapViewController.swift in Sources */ = {isa = PBXBuildFile; fileRef = A271AE5D229D497B00254264 /* MapViewController.swift */; };
		A271AE61229D497B00254264 /* Main.storyboard in Resources */ = {isa = PBXBuildFile; fileRef = A271AE5F229D497B00254264 /* Main.storyboard */; };
		A271AE66229D497C00254264 /* Assets.xcassets in Resources */ = {isa = PBXBuildFile; fileRef = A271AE65229D497C00254264 /* Assets.xcassets */; };
		A271AE69229D497C00254264 /* LaunchScreen.storyboard in Resources */ = {isa = PBXBuildFile; fileRef = A271AE67229D497C00254264 /* LaunchScreen.storyboard */; };
		A271AE74229D497C00254264 /* FloatingButtonTests.swift in Sources */ = {isa = PBXBuildFile; fileRef = A271AE73229D497C00254264 /* FloatingButtonTests.swift */; };
		A271AE7F229D497C00254264 /* FloatingButtonUITests.swift in Sources */ = {isa = PBXBuildFile; fileRef = A271AE7E229D497C00254264 /* FloatingButtonUITests.swift */; };
		A271AE8D229D4AA800254264 /* AppFlowRouter.swift in Sources */ = {isa = PBXBuildFile; fileRef = A271AE8C229D4AA800254264 /* AppFlowRouter.swift */; };
		A271AE8F229D4B7300254264 /* FloatingButtonView.swift in Sources */ = {isa = PBXBuildFile; fileRef = A271AE8E229D4B7300254264 /* FloatingButtonView.swift */; };
		A271AE92229D4CF700254264 /* UIImage+Extension.swift in Sources */ = {isa = PBXBuildFile; fileRef = A271AE91229D4CF700254264 /* UIImage+Extension.swift */; };
		A2FC1BE1229D5540000C054E /* PopUpViewController.swift in Sources */ = {isa = PBXBuildFile; fileRef = A2FC1BE0229D5540000C054E /* PopUpViewController.swift */; };
/* End PBXBuildFile section */

/* Begin PBXContainerItemProxy section */
		A271AE70229D497C00254264 /* PBXContainerItemProxy */ = {
			isa = PBXContainerItemProxy;
			containerPortal = A271AE50229D497B00254264 /* Project object */;
			proxyType = 1;
			remoteGlobalIDString = A271AE57229D497B00254264;
			remoteInfo = FloatingButton;
		};
		A271AE7B229D497C00254264 /* PBXContainerItemProxy */ = {
			isa = PBXContainerItemProxy;
			containerPortal = A271AE50229D497B00254264 /* Project object */;
			proxyType = 1;
			remoteGlobalIDString = A271AE57229D497B00254264;
			remoteInfo = FloatingButton;
		};
/* End PBXContainerItemProxy section */

/* Begin PBXFileReference section */
		A271AE58229D497B00254264 /* FloatingButton.app */ = {isa = PBXFileReference; explicitFileType = wrapper.application; includeInIndex = 0; path = FloatingButton.app; sourceTree = BUILT_PRODUCTS_DIR; };
		A271AE5B229D497B00254264 /* AppDelegate.swift */ = {isa = PBXFileReference; lastKnownFileType = sourcecode.swift; path = AppDelegate.swift; sourceTree = "<group>"; };
		A271AE5D229D497B00254264 /* MapViewController.swift */ = {isa = PBXFileReference; lastKnownFileType = sourcecode.swift; path = MapViewController.swift; sourceTree = "<group>"; };
		A271AE60229D497B00254264 /* Base */ = {isa = PBXFileReference; lastKnownFileType = file.storyboard; name = Base; path = Base.lproj/Main.storyboard; sourceTree = "<group>"; };
		A271AE65229D497C00254264 /* Assets.xcassets */ = {isa = PBXFileReference; lastKnownFileType = folder.assetcatalog; path = Assets.xcassets; sourceTree = "<group>"; };
		A271AE68229D497C00254264 /* Base */ = {isa = PBXFileReference; lastKnownFileType = file.storyboard; name = Base; path = Base.lproj/LaunchScreen.storyboard; sourceTree = "<group>"; };
		A271AE6A229D497C00254264 /* Info.plist */ = {isa = PBXFileReference; lastKnownFileType = text.plist.xml; path = Info.plist; sourceTree = "<group>"; };
		A271AE6F229D497C00254264 /* FloatingButtonTests.xctest */ = {isa = PBXFileReference; explicitFileType = wrapper.cfbundle; includeInIndex = 0; path = FloatingButtonTests.xctest; sourceTree = BUILT_PRODUCTS_DIR; };
		A271AE73229D497C00254264 /* FloatingButtonTests.swift */ = {isa = PBXFileReference; lastKnownFileType = sourcecode.swift; path = FloatingButtonTests.swift; sourceTree = "<group>"; };
		A271AE75229D497C00254264 /* Info.plist */ = {isa = PBXFileReference; lastKnownFileType = text.plist.xml; path = Info.plist; sourceTree = "<group>"; };
		A271AE7A229D497C00254264 /* FloatingButtonUITests.xctest */ = {isa = PBXFileReference; explicitFileType = wrapper.cfbundle; includeInIndex = 0; path = FloatingButtonUITests.xctest; sourceTree = BUILT_PRODUCTS_DIR; };
		A271AE7E229D497C00254264 /* FloatingButtonUITests.swift */ = {isa = PBXFileReference; lastKnownFileType = sourcecode.swift; path = FloatingButtonUITests.swift; sourceTree = "<group>"; };
		A271AE80229D497C00254264 /* Info.plist */ = {isa = PBXFileReference; lastKnownFileType = text.plist.xml; path = Info.plist; sourceTree = "<group>"; };
		A271AE8C229D4AA800254264 /* AppFlowRouter.swift */ = {isa = PBXFileReference; lastKnownFileType = sourcecode.swift; path = AppFlowRouter.swift; sourceTree = "<group>"; };
		A271AE8E229D4B7300254264 /* FloatingButtonView.swift */ = {isa = PBXFileReference; lastKnownFileType = sourcecode.swift; path = FloatingButtonView.swift; sourceTree = "<group>"; };
		A271AE91229D4CF700254264 /* UIImage+Extension.swift */ = {isa = PBXFileReference; lastKnownFileType = sourcecode.swift; path = "UIImage+Extension.swift"; sourceTree = "<group>"; };
		A2FC1BE0229D5540000C054E /* PopUpViewController.swift */ = {isa = PBXFileReference; lastKnownFileType = sourcecode.swift; path = PopUpViewController.swift; sourceTree = "<group>"; };
/* End PBXFileReference section */

/* Begin PBXFrameworksBuildPhase section */
		A271AE55229D497B00254264 /* Frameworks */ = {
			isa = PBXFrameworksBuildPhase;
			buildActionMask = 2147483647;
			files = (
			);
			runOnlyForDeploymentPostprocessing = 0;
		};
		A271AE6C229D497C00254264 /* Frameworks */ = {
			isa = PBXFrameworksBuildPhase;
			buildActionMask = 2147483647;
			files = (
			);
			runOnlyForDeploymentPostprocessing = 0;
		};
		A271AE77229D497C00254264 /* Frameworks */ = {
			isa = PBXFrameworksBuildPhase;
			buildActionMask = 2147483647;
			files = (
			);
			runOnlyForDeploymentPostprocessing = 0;
		};
/* End PBXFrameworksBuildPhase section */

/* Begin PBXGroup section */
		A271AE4F229D497B00254264 = {
			isa = PBXGroup;
			children = (
				A271AE5A229D497B00254264 /* FloatingButton */,
				A271AE72229D497C00254264 /* FloatingButtonTests */,
				A271AE7D229D497C00254264 /* FloatingButtonUITests */,
				A271AE59229D497B00254264 /* Products */,
			);
			sourceTree = "<group>";
		};
		A271AE59229D497B00254264 /* Products */ = {
			isa = PBXGroup;
			children = (
				A271AE58229D497B00254264 /* FloatingButton.app */,
				A271AE6F229D497C00254264 /* FloatingButtonTests.xctest */,
				A271AE7A229D497C00254264 /* FloatingButtonUITests.xctest */,
			);
			name = Products;
			sourceTree = "<group>";
		};
		A271AE5A229D497B00254264 /* FloatingButton */ = {
			isa = PBXGroup;
			children = (
				A271AE8C229D4AA800254264 /* AppFlowRouter.swift */,
				A271AE8E229D4B7300254264 /* FloatingButtonView.swift */,
				A2FC1BE0229D5540000C054E /* PopUpViewController.swift */,
				A271AE90229D4C8700254264 /* Extension */,
				A271AE5B229D497B00254264 /* AppDelegate.swift */,
				A271AE5D229D497B00254264 /* MapViewController.swift */,
				A271AE5F229D497B00254264 /* Main.storyboard */,
				A271AE65229D497C00254264 /* Assets.xcassets */,
				A271AE67229D497C00254264 /* LaunchScreen.storyboard */,
				A271AE6A229D497C00254264 /* Info.plist */,
			);
			path = FloatingButton;
			sourceTree = "<group>";
		};
		A271AE72229D497C00254264 /* FloatingButtonTests */ = {
			isa = PBXGroup;
			children = (
				A271AE73229D497C00254264 /* FloatingButtonTests.swift */,
				A271AE75229D497C00254264 /* Info.plist */,
			);
			path = FloatingButtonTests;
			sourceTree = "<group>";
		};
		A271AE7D229D497C00254264 /* FloatingButtonUITests */ = {
			isa = PBXGroup;
			children = (
				A271AE7E229D497C00254264 /* FloatingButtonUITests.swift */,
				A271AE80229D497C00254264 /* Info.plist */,
			);
			path = FloatingButtonUITests;
			sourceTree = "<group>";
		};
		A271AE90229D4C8700254264 /* Extension */ = {
			isa = PBXGroup;
			children = (
				A271AE91229D4CF700254264 /* UIImage+Extension.swift */,
			);
			path = Extension;
			sourceTree = "<group>";
		};
/* End PBXGroup section */

/* Begin PBXNativeTarget section */
		A271AE57229D497B00254264 /* FloatingButton */ = {
			isa = PBXNativeTarget;
			buildConfigurationList = A271AE83229D497C00254264 /* Build configuration list for PBXNativeTarget "FloatingButton" */;
			buildPhases = (
				A271AE54229D497B00254264 /* Sources */,
				A271AE55229D497B00254264 /* Frameworks */,
				A271AE56229D497B00254264 /* Resources */,
			);
			buildRules = (
			);
			dependencies = (
			);
			name = FloatingButton;
			productName = FloatingButton;
			productReference = A271AE58229D497B00254264 /* FloatingButton.app */;
			productType = "com.apple.product-type.application";
		};
		A271AE6E229D497C00254264 /* FloatingButtonTests */ = {
			isa = PBXNativeTarget;
			buildConfigurationList = A271AE86229D497C00254264 /* Build configuration list for PBXNativeTarget "FloatingButtonTests" */;
			buildPhases = (
				A271AE6B229D497C00254264 /* Sources */,
				A271AE6C229D497C00254264 /* Frameworks */,
				A271AE6D229D497C00254264 /* Resources */,
			);
			buildRules = (
			);
			dependencies = (
				A271AE71229D497C00254264 /* PBXTargetDependency */,
			);
			name = FloatingButtonTests;
			productName = FloatingButtonTests;
			productReference = A271AE6F229D497C00254264 /* FloatingButtonTests.xctest */;
			productType = "com.apple.product-type.bundle.unit-test";
		};
		A271AE79229D497C00254264 /* FloatingButtonUITests */ = {
			isa = PBXNativeTarget;
			buildConfigurationList = A271AE89229D497C00254264 /* Build configuration list for PBXNativeTarget "FloatingButtonUITests" */;
			buildPhases = (
				A271AE76229D497C00254264 /* Sources */,
				A271AE77229D497C00254264 /* Frameworks */,
				A271AE78229D497C00254264 /* Resources */,
			);
			buildRules = (
			);
			dependencies = (
				A271AE7C229D497C00254264 /* PBXTargetDependency */,
			);
			name = FloatingButtonUITests;
			productName = FloatingButtonUITests;
			productReference = A271AE7A229D497C00254264 /* FloatingButtonUITests.xctest */;
			productType = "com.apple.product-type.bundle.ui-testing";
		};
/* End PBXNativeTarget section */

/* Begin PBXProject section */
		A271AE50229D497B00254264 /* Project object */ = {
			isa = PBXProject;
			attributes = {
				LastSwiftUpdateCheck = 1020;
				LastUpgradeCheck = 1020;
				ORGANIZATIONNAME = "Siphty Pty Ltd";
				TargetAttributes = {
					A271AE57229D497B00254264 = {
						CreatedOnToolsVersion = 10.2.1;
					};
					A271AE6E229D497C00254264 = {
						CreatedOnToolsVersion = 10.2.1;
						TestTargetID = A271AE57229D497B00254264;
					};
					A271AE79229D497C00254264 = {
						CreatedOnToolsVersion = 10.2.1;
						TestTargetID = A271AE57229D497B00254264;
					};
				};
			};
			buildConfigurationList = A271AE53229D497B00254264 /* Build configuration list for PBXProject "FloatingButton" */;
			compatibilityVersion = "Xcode 9.3";
			developmentRegion = en;
			hasScannedForEncodings = 0;
			knownRegions = (
				en,
				Base,
			);
			mainGroup = A271AE4F229D497B00254264;
			productRefGroup = A271AE59229D497B00254264 /* Products */;
			projectDirPath = "";
			projectRoot = "";
			targets = (
				A271AE57229D497B00254264 /* FloatingButton */,
				A271AE6E229D497C00254264 /* FloatingButtonTests */,
				A271AE79229D497C00254264 /* FloatingButtonUITests */,
			);
		};
/* End PBXProject section */

/* Begin PBXResourcesBuildPhase section */
		A271AE56229D497B00254264 /* Resources */ = {
			isa = PBXResourcesBuildPhase;
			buildActionMask = 2147483647;
			files = (
				A271AE69229D497C00254264 /* LaunchScreen.storyboard in Resources */,
				A271AE66229D497C00254264 /* Assets.xcassets in Resources */,
				A271AE61229D497B00254264 /* Main.storyboard in Resources */,
			);
			runOnlyForDeploymentPostprocessing = 0;
		};
		A271AE6D229D497C00254264 /* Resources */ = {
			isa = PBXResourcesBuildPhase;
			buildActionMask = 2147483647;
			files = (
			);
			runOnlyForDeploymentPostprocessing = 0;
		};
		A271AE78229D497C00254264 /* Resources */ = {
			isa = PBXResourcesBuildPhase;
			buildActionMask = 2147483647;
			files = (
			);
			runOnlyForDeploymentPostprocessing = 0;
		};
/* End PBXResourcesBuildPhase section */

/* Begin PBXSourcesBuildPhase section */
		A271AE54229D497B00254264 /* Sources */ = {
			isa = PBXSourcesBuildPhase;
			buildActionMask = 2147483647;
			files = (
				A271AE8D229D4AA800254264 /* AppFlowRouter.swift in Sources */,
				A2FC1BE1229D5540000C054E /* PopUpViewController.swift in Sources */,
				A271AE5E229D497B00254264 /* MapViewController.swift in Sources */,
				A271AE92229D4CF700254264 /* UIImage+Extension.swift in Sources */,
				A271AE8F229D4B7300254264 /* FloatingButtonView.swift in Sources */,
				A271AE5C229D497B00254264 /* AppDelegate.swift in Sources */,
			);
			runOnlyForDeploymentPostprocessing = 0;
		};
		A271AE6B229D497C00254264 /* Sources */ = {
			isa = PBXSourcesBuildPhase;
			buildActionMask = 2147483647;
			files = (
				A271AE74229D497C00254264 /* FloatingButtonTests.swift in Sources */,
			);
			runOnlyForDeploymentPostprocessing = 0;
		};
		A271AE76229D497C00254264 /* Sources */ = {
			isa = PBXSourcesBuildPhase;
			buildActionMask = 2147483647;
			files = (
				A271AE7F229D497C00254264 /* FloatingButtonUITests.swift in Sources */,
			);
			runOnlyForDeploymentPostprocessing = 0;
		};
/* End PBXSourcesBuildPhase section */

/* Begin PBXTargetDependency section */
		A271AE71229D497C00254264 /* PBXTargetDependency */ = {
			isa = PBXTargetDependency;
			target = A271AE57229D497B00254264 /* FloatingButton */;
			targetProxy = A271AE70229D497C00254264 /* PBXContainerItemProxy */;
		};
		A271AE7C229D497C00254264 /* PBXTargetDependency */ = {
			isa = PBXTargetDependency;
			target = A271AE57229D497B00254264 /* FloatingButton */;
			targetProxy = A271AE7B229D497C00254264 /* PBXContainerItemProxy */;
		};
/* End PBXTargetDependency section */

/* Begin PBXVariantGroup section */
		A271AE5F229D497B00254264 /* Main.storyboard */ = {
			isa = PBXVariantGroup;
			children = (
				A271AE60229D497B00254264 /* Base */,
			);
			name = Main.storyboard;
			sourceTree = "<group>";
		};
		A271AE67229D497C00254264 /* LaunchScreen.storyboard */ = {
			isa = PBXVariantGroup;
			children = (
				A271AE68229D497C00254264 /* Base */,
			);
			name = LaunchScreen.storyboard;
			sourceTree = "<group>";
		};
/* End PBXVariantGroup section */

/* Begin XCBuildConfiguration section */
		A271AE81229D497C00254264 /* Debug */ = {
			isa = XCBuildConfiguration;
			buildSettings = {
				ALWAYS_SEARCH_USER_PATHS = NO;
				CLANG_ANALYZER_NONNULL = YES;
				CLANG_ANALYZER_NUMBER_OBJECT_CONVERSION = YES_AGGRESSIVE;
				CLANG_CXX_LANGUAGE_STANDARD = "gnu++14";
				CLANG_CXX_LIBRARY = "libc++";
				CLANG_ENABLE_MODULES = YES;
				CLANG_ENABLE_OBJC_ARC = YES;
				CLANG_ENABLE_OBJC_WEAK = YES;
				CLANG_WARN_BLOCK_CAPTURE_AUTORELEASING = YES;
				CLANG_WARN_BOOL_CONVERSION = YES;
				CLANG_WARN_COMMA = YES;
				CLANG_WARN_CONSTANT_CONVERSION = YES;
				CLANG_WARN_DEPRECATED_OBJC_IMPLEMENTATIONS = YES;
				CLANG_WARN_DIRECT_OBJC_ISA_USAGE = YES_ERROR;
				CLANG_WARN_DOCUMENTATION_COMMENTS = YES;
				CLANG_WARN_EMPTY_BODY = YES;
				CLANG_WARN_ENUM_CONVERSION = YES;
				CLANG_WARN_INFINITE_RECURSION = YES;
				CLANG_WARN_INT_CONVERSION = YES;
				CLANG_WARN_NON_LITERAL_NULL_CONVERSION = YES;
				CLANG_WARN_OBJC_IMPLICIT_RETAIN_SELF = YES;
				CLANG_WARN_OBJC_LITERAL_CONVERSION = YES;
				CLANG_WARN_OBJC_ROOT_CLASS = YES_ERROR;
				CLANG_WARN_RANGE_LOOP_ANALYSIS = YES;
				CLANG_WARN_STRICT_PROTOTYPES = YES;
				CLANG_WARN_SUSPICIOUS_MOVE = YES;
				CLANG_WARN_UNGUARDED_AVAILABILITY = YES_AGGRESSIVE;
				CLANG_WARN_UNREACHABLE_CODE = YES;
				CLANG_WARN__DUPLICATE_METHOD_MATCH = YES;
				CODE_SIGN_IDENTITY = "iPhone Developer";
				COPY_PHASE_STRIP = NO;
				DEBUG_INFORMATION_FORMAT = dwarf;
				ENABLE_STRICT_OBJC_MSGSEND = YES;
				ENABLE_TESTABILITY = YES;
				GCC_C_LANGUAGE_STANDARD = gnu11;
				GCC_DYNAMIC_NO_PIC = NO;
				GCC_NO_COMMON_BLOCKS = YES;
				GCC_OPTIMIZATION_LEVEL = 0;
				GCC_PREPROCESSOR_DEFINITIONS = (
					"DEBUG=1",
					"$(inherited)",
				);
				GCC_WARN_64_TO_32_BIT_CONVERSION = YES;
				GCC_WARN_ABOUT_RETURN_TYPE = YES_ERROR;
				GCC_WARN_UNDECLARED_SELECTOR = YES;
				GCC_WARN_UNINITIALIZED_AUTOS = YES_AGGRESSIVE;
				GCC_WARN_UNUSED_FUNCTION = YES;
				GCC_WARN_UNUSED_VARIABLE = YES;
				IPHONEOS_DEPLOYMENT_TARGET = 12.2;
				MTL_ENABLE_DEBUG_INFO = INCLUDE_SOURCE;
				MTL_FAST_MATH = YES;
				ONLY_ACTIVE_ARCH = YES;
				SDKROOT = iphoneos;
				SWIFT_ACTIVE_COMPILATION_CONDITIONS = DEBUG;
				SWIFT_OPTIMIZATION_LEVEL = "-Onone";
			};
			name = Debug;
		};
		A271AE82229D497C00254264 /* Release */ = {
			isa = XCBuildConfiguration;
			buildSettings = {
				ALWAYS_SEARCH_USER_PATHS = NO;
				CLANG_ANALYZER_NONNULL = YES;
				CLANG_ANALYZER_NUMBER_OBJECT_CONVERSION = YES_AGGRESSIVE;
				CLANG_CXX_LANGUAGE_STANDARD = "gnu++14";
				CLANG_CXX_LIBRARY = "libc++";
				CLANG_ENABLE_MODULES = YES;
				CLANG_ENABLE_OBJC_ARC = YES;
				CLANG_ENABLE_OBJC_WEAK = YES;
				CLANG_WARN_BLOCK_CAPTURE_AUTORELEASING = YES;
				CLANG_WARN_BOOL_CONVERSION = YES;
				CLANG_WARN_COMMA = YES;
				CLANG_WARN_CONSTANT_CONVERSION = YES;
				CLANG_WARN_DEPRECATED_OBJC_IMPLEMENTATIONS = YES;
				CLANG_WARN_DIRECT_OBJC_ISA_USAGE = YES_ERROR;
				CLANG_WARN_DOCUMENTATION_COMMENTS = YES;
				CLANG_WARN_EMPTY_BODY = YES;
				CLANG_WARN_ENUM_CONVERSION = YES;
				CLANG_WARN_INFINITE_RECURSION = YES;
				CLANG_WARN_INT_CONVERSION = YES;
				CLANG_WARN_NON_LITERAL_NULL_CONVERSION = YES;
				CLANG_WARN_OBJC_IMPLICIT_RETAIN_SELF = YES;
				CLANG_WARN_OBJC_LITERAL_CONVERSION = YES;
				CLANG_WARN_OBJC_ROOT_CLASS = YES_ERROR;
				CLANG_WARN_RANGE_LOOP_ANALYSIS = YES;
				CLANG_WARN_STRICT_PROTOTYPES = YES;
				CLANG_WARN_SUSPICIOUS_MOVE = YES;
				CLANG_WARN_UNGUARDED_AVAILABILITY = YES_AGGRESSIVE;
				CLANG_WARN_UNREACHABLE_CODE = YES;
				CLANG_WARN__DUPLICATE_METHOD_MATCH = YES;
				CODE_SIGN_IDENTITY = "iPhone Developer";
				COPY_PHASE_STRIP = NO;
				DEBUG_INFORMATION_FORMAT = "dwarf-with-dsym";
				ENABLE_NS_ASSERTIONS = NO;
				ENABLE_STRICT_OBJC_MSGSEND = YES;
				GCC_C_LANGUAGE_STANDARD = gnu11;
				GCC_NO_COMMON_BLOCKS = YES;
				GCC_WARN_64_TO_32_BIT_CONVERSION = YES;
				GCC_WARN_ABOUT_RETURN_TYPE = YES_ERROR;
				GCC_WARN_UNDECLARED_SELECTOR = YES;
				GCC_WARN_UNINITIALIZED_AUTOS = YES_AGGRESSIVE;
				GCC_WARN_UNUSED_FUNCTION = YES;
				GCC_WARN_UNUSED_VARIABLE = YES;
				IPHONEOS_DEPLOYMENT_TARGET = 12.2;
				MTL_ENABLE_DEBUG_INFO = NO;
				MTL_FAST_MATH = YES;
				SDKROOT = iphoneos;
				SWIFT_COMPILATION_MODE = wholemodule;
				SWIFT_OPTIMIZATION_LEVEL = "-O";
				VALIDATE_PRODUCT = YES;
			};
			name = Release;
		};
		A271AE84229D497C00254264 /* Debug */ = {
			isa = XCBuildConfiguration;
			buildSettings = {
				ASSETCATALOG_COMPILER_APPICON_NAME = AppIcon;
				CODE_SIGN_STYLE = Automatic;
				DEVELOPMENT_TEAM = 4PQU2QH5JS;
				INFOPLIST_FILE = FloatingButton/Info.plist;
				LD_RUNPATH_SEARCH_PATHS = (
					"$(inherited)",
					"@executable_path/Frameworks",
				);
				PRODUCT_BUNDLE_IDENTIFIER = com.siphty.FloatingButton;
				PRODUCT_NAME = "$(TARGET_NAME)";
				SWIFT_VERSION = 5.0;
				TARGETED_DEVICE_FAMILY = "1,2";
			};
			name = Debug;
		};
		A271AE85229D497C00254264 /* Release */ = {
			isa = XCBuildConfiguration;
			buildSettings = {
				ASSETCATALOG_COMPILER_APPICON_NAME = AppIcon;
				CODE_SIGN_STYLE = Automatic;
				DEVELOPMENT_TEAM = 4PQU2QH5JS;
				INFOPLIST_FILE = FloatingButton/Info.plist;
				LD_RUNPATH_SEARCH_PATHS = (
					"$(inherited)",
					"@executable_path/Frameworks",
				);
				PRODUCT_BUNDLE_IDENTIFIER = com.siphty.FloatingButton;
				PRODUCT_NAME = "$(TARGET_NAME)";
				SWIFT_VERSION = 5.0;
				TARGETED_DEVICE_FAMILY = "1,2";
			};
			name = Release;
		};
		A271AE87229D497C00254264 /* Debug */ = {
			isa = XCBuildConfiguration;
			buildSettings = {
				ALWAYS_EMBED_SWIFT_STANDARD_LIBRARIES = YES;
				BUNDLE_LOADER = "$(TEST_HOST)";
				CODE_SIGN_STYLE = Automatic;
				DEVELOPMENT_TEAM = 4PQU2QH5JS;
				INFOPLIST_FILE = FloatingButtonTests/Info.plist;
				LD_RUNPATH_SEARCH_PATHS = (
					"$(inherited)",
					"@executable_path/Frameworks",
					"@loader_path/Frameworks",
				);
				PRODUCT_BUNDLE_IDENTIFIER = com.siphty.FloatingButtonTests;
				PRODUCT_NAME = "$(TARGET_NAME)";
				SWIFT_VERSION = 5.0;
				TARGETED_DEVICE_FAMILY = "1,2";
				TEST_HOST = "$(BUILT_PRODUCTS_DIR)/FloatingButton.app/FloatingButton";
			};
			name = Debug;
		};
		A271AE88229D497C00254264 /* Release */ = {
			isa = XCBuildConfiguration;
			buildSettings = {
				ALWAYS_EMBED_SWIFT_STANDARD_LIBRARIES = YES;
				BUNDLE_LOADER = "$(TEST_HOST)";
				CODE_SIGN_STYLE = Automatic;
				DEVELOPMENT_TEAM = 4PQU2QH5JS;
				INFOPLIST_FILE = FloatingButtonTests/Info.plist;
				LD_RUNPATH_SEARCH_PATHS = (
					"$(inherited)",
					"@executable_path/Frameworks",
					"@loader_path/Frameworks",
				);
				PRODUCT_BUNDLE_IDENTIFIER = com.siphty.FloatingButtonTests;
				PRODUCT_NAME = "$(TARGET_NAME)";
				SWIFT_VERSION = 5.0;
				TARGETED_DEVICE_FAMILY = "1,2";
				TEST_HOST = "$(BUILT_PRODUCTS_DIR)/FloatingButton.app/FloatingButton";
			};
			name = Release;
		};
		A271AE8A229D497C00254264 /* Debug */ = {
			isa = XCBuildConfiguration;
			buildSettings = {
				ALWAYS_EMBED_SWIFT_STANDARD_LIBRARIES = YES;
				CODE_SIGN_STYLE = Automatic;
				DEVELOPMENT_TEAM = 4PQU2QH5JS;
				INFOPLIST_FILE = FloatingButtonUITests/Info.plist;
				LD_RUNPATH_SEARCH_PATHS = (
					"$(inherited)",
					"@executable_path/Frameworks",
					"@loader_path/Frameworks",
				);
				PRODUCT_BUNDLE_IDENTIFIER = com.siphty.FloatingButtonUITests;
				PRODUCT_NAME = "$(TARGET_NAME)";
				SWIFT_VERSION = 5.0;
				TARGETED_DEVICE_FAMILY = "1,2";
				TEST_TARGET_NAME = FloatingButton;
			};
			name = Debug;
		};
		A271AE8B229D497C00254264 /* Release */ = {
			isa = XCBuildConfiguration;
			buildSettings = {
				ALWAYS_EMBED_SWIFT_STANDARD_LIBRARIES = YES;
				CODE_SIGN_STYLE = Automatic;
				DEVELOPMENT_TEAM = 4PQU2QH5JS;
				INFOPLIST_FILE = FloatingButtonUITests/Info.plist;
				LD_RUNPATH_SEARCH_PATHS = (
					"$(inherited)",
					"@executable_path/Frameworks",
					"@loader_path/Frameworks",
				);
				PRODUCT_BUNDLE_IDENTIFIER = com.siphty.FloatingButtonUITests;
				PRODUCT_NAME = "$(TARGET_NAME)";
				SWIFT_VERSION = 5.0;
				TARGETED_DEVICE_FAMILY = "1,2";
				TEST_TARGET_NAME = FloatingButton;
			};
			name = Release;
		};
/* End XCBuildConfiguration section */

/* Begin XCConfigurationList section */
		A271AE53229D497B00254264 /* Build configuration list for PBXProject "FloatingButton" */ = {
			isa = XCConfigurationList;
			buildConfigurations = (
				A271AE81229D497C00254264 /* Debug */,
				A271AE82229D497C00254264 /* Release */,
			);
			defaultConfigurationIsVisible = 0;
			defaultConfigurationName = Release;
		};
		A271AE83229D497C00254264 /* Build configuration list for PBXNativeTarget "FloatingButton" */ = {
			isa = XCConfigurationList;
			buildConfigurations = (
				A271AE84229D497C00254264 /* Debug */,
				A271AE85229D497C00254264 /* Release */,
			);
			defaultConfigurationIsVisible = 0;
			defaultConfigurationName = Release;
		};
		A271AE86229D497C00254264 /* Build configuration list for PBXNativeTarget "FloatingButtonTests" */ = {
			isa = XCConfigurationList;
			buildConfigurations = (
				A271AE87229D497C00254264 /* Debug */,
				A271AE88229D497C00254264 /* Release */,
			);
			defaultConfigurationIsVisible = 0;
			defaultConfigurationName = Release;
		};
		A271AE89229D497C00254264 /* Build configuration list for PBXNativeTarget "FloatingButtonUITests" */ = {
			isa = XCConfigurationList;
			buildConfigurations = (
				A271AE8A229D497C00254264 /* Debug */,
				A271AE8B229D497C00254264 /* Release */,
			);
			defaultConfigurationIsVisible = 0;
			defaultConfigurationName = Release;
		};
/* End XCConfigurationList section */
	};
	rootObject = A271AE50229D497B00254264 /* Project object */;
}
